{
    "_meta": {
        "hash": {
            "sha256": "fb65ba5878b24dc00a589c87e3fd75c6b46d8e613c282d5575d1bb42a2c1281b"
        },
        "pipfile-spec": 6,
        "requires": {
            "python_version": "3.9"
        },
        "sources": [
            {
                "name": "pypi",
                "url": "https://pypi.org/simple",
                "verify_ssl": true
            }
        ]
    },
    "default": {
        "apscheduler": {
            "hashes": [
                "sha256:65e6574b6395498d371d045f2a8a7e4f7d50c6ad21ef7313d15b1c7cf20df1e3",
                "sha256:ddc25a0ddd899de44d7f451f4375fb971887e65af51e41e5dcf681f59b8b2c9a"
            ],
            "index": "pypi",
            "version": "==3.9.1"
        },
        "beautifulsoup4": {
            "hashes": [
                "sha256:58d5c3d29f5a36ffeb94f02f0d786cd53014cf9b3b3951d42e0080d8a9498d30",
                "sha256:ad9aa55b65ef2808eb405f46cf74df7fcb7044d5cbc26487f96eb2ef2e436693"
            ],
            "markers": "python_version >= '3.6'",
            "version": "==4.11.1"
        },
        "certifi": {
            "hashes": [
                "sha256:84c85a9078b11105f04f3036a9482ae10e4621616db313fe045dd24743a0820d",
                "sha256:fe86415d55e84719d75f8b69414f6438ac3547d2078ab91b67e779ef69378412"
            ],
            "markers": "python_version >= '3.6'",
            "version": "==2022.6.15"
        },
        "charset-normalizer": {
            "hashes": [
                "sha256:5189b6f22b01957427f35b6a08d9a0bc45b46d3788ef5a92e978433c7a35f8a5",
                "sha256:575e708016ff3a5e3681541cb9d79312c416835686d054a23accb873b254f413"
            ],
            "markers": "python_version >= '3.6'",
            "version": "==2.1.0"
        },
        "click": {
            "hashes": [
                "sha256:7682dc8afb30297001674575ea00d1814d808d6a36af415a82bd481d37ba7b8e",
                "sha256:bb4d8133cb15a609f44e8213d9b391b0809795062913b383c62be0ee95b1db48"
            ],
            "markers": "python_version >= '3.7'",
            "version": "==8.1.3"
        },
        "colorama": {
            "hashes": [
                "sha256:854bf444933e37f5824ae7bfc1e98d5bce2ebe4160d46b5edf346a89358e99da",
                "sha256:e6c6b4334fc50988a639d9b98aa429a0b57da6e17b9a44f0451f930b6967b7a4"
            ],
            "markers": "platform_system == 'Windows'",
            "version": "==0.4.5"
        },
        "idna": {
            "hashes": [
                "sha256:84d9dd047ffa80596e0f246e2eab0b391788b0503584e8945f2368256d2735ff",
                "sha256:9d643ff0a55b762d5cdb124b8eaa99c66322e2157b69160bc32796e824360e6d"
            ],
            "markers": "python_version >= '3.5'",
            "version": "==3.3"
        },
        "mwparserfromhell": {
            "hashes": [
                "sha256:0519497b8a7472298324ef92e1e82c1ab5cab85b4d64462d7ae46c4464c8b872",
                "sha256:0c2bbb36110410b5f6d6d8b2f35f65f8ec8f57c0477609d35bcaac4784a59e5a",
                "sha256:18dac5162471c38e5bbf6ee3698c49d2753e8dde372864112fdaf81047ce89d3",
                "sha256:1c908c9738c5c6bce04b825b3f95592d971ff439ace294a86fc758070afc6d0c",
                "sha256:203ad9cd78dec7480fde45c9f49d0bc2a2eaa28fa1b585461fb9f56f6587f46c",
                "sha256:2d6e124396ee41c35ea12017a66c560abb1f7f51bee04e631a149318adaf15e2",
                "sha256:2d983914c19dee5c2a13298b1ccd3a1ed2b65c81d322b7e7df99cd5386a460c6",
                "sha256:3e5f4bb96b68557acd14c4baa62cbe440b6e6d0f5263cb4860d37e1ceeada2a7",
                "sha256:42eb94a6bad20b7f8845fd2900a45373cb4d414d5a357b27457c7c6c259115c5",
                "sha256:511ff847cddb8e7014b6afb0af5dbdb5cf05ada67e31fc39efa34fbbdccb8e8b",
                "sha256:54d9819c11530fc00b8a70fa3508898109b3df72336f7b8e52f8faffbe03ee88",
                "sha256:5dfd7f57fa3d516b21790ef7f6094119082baa2e6072cef78fb9f999b77e674f",
                "sha256:60d86c8d3501edc1331b37df72b74689ee392da077c36a8b453460b8e3714cdd",
                "sha256:7c822985760b9e82857ecfb99dbb60ac35d0ebf7b2977a0215c7c56fe70c2b68",
                "sha256:7f5682ab9e1a55b20e9fb669582493d196c76a512276456848153c39d726d7d2",
                "sha256:82010e5b5da130cbcb002747f5592ffca73488e0e9cf1ebdfef6e8559c535c41",
                "sha256:92bec9528ae34d272893ccaf2b527df85c314ff28cfbb3056340467b095d834c",
                "sha256:a344ceabde013aa2f9b23494e73af11b99795f63a30124e955c185de2c8ae397",
                "sha256:abae1052b9c12a8814c76dd26ec9cfdd71102e7f89c28fb58a5fba7ee55ad1bc",
                "sha256:b7f19e7d064c467f32e0704becd81c841a807335934134d6aa859d98d01c7cf3",
                "sha256:cd0a74474ed6e85808c874511d28a253ffd2d1e5a3abe915705a25804212ac73",
                "sha256:d521a2e3787c83ecf607a7806ae655d32f3c3884b2dcf35a388183c6028ddce4",
                "sha256:d63d76f576e133c14a29f1ad2f3fc2afa17b74945ebc017e8d7d3bcb59f5243c",
                "sha256:da2568e2a492dcc913f1c026434371af7a24e05dc56450c3ab063d9e580b48f2",
                "sha256:dd81220d66bf829664a6f911b3f58e7af3061fd7fdee68c0fc9731f5bcd7519d",
                "sha256:e0c3d3bc409f8ac1221639ee2dab0dc830711d9a56a39014aad2824c2c98b3e2",
                "sha256:f8c450c39ef647678831ecf9a1f8236521d369afc4ae59a9c601d07f298eda35",
                "sha256:fc4f5718e761a3f5ad76eb9089e0792ed3a6786095abe098e37e7ac7af76afef"
            ],
            "index": "pypi",
            "version": "==0.6.4"
        },
        "praw": {
            "hashes": [
                "sha256:0d8a75c8c9f78c0101f31653b68d23d0d9cee9a6ada7910f809610edcd905090",
                "sha256:3eeebe093f2d905b6c99e18aa8c8f64071b2e7a05e60b618166ee53397cdae72"
            ],
            "index": "pypi",
            "version": "==7.6.0"
        },
        "prawcore": {
            "hashes": [
                "sha256:48c17db447fa06a13ca3e722201f443031437708daa736c05a1df895fbcceff5",
                "sha256:daf1ccd4b7a80dc4e6567d48336d782e94a9a6dad83770fc2edf76dc9a84f56d"
            ],
            "markers": "python_version ~= '3.6'",
            "version": "==2.3.0"
        },
        "psaw": {
            "hashes": [
                "sha256:0d62ad9964dfbe9943b2089b25d3e44a7604794491a24a009c4262b2397fed6b"
            ],
            "index": "pypi",
            "version": "==0.1.0"
        },
        "pytz": {
            "hashes": [
                "sha256:1e760e2fe6a8163bc0b3d9a19c4f84342afa0a2affebfaa84b01b978a02ecaa7",
                "sha256:e68985985296d9a66a881eb3193b0906246245294a881e7c8afe623866ac6a5c"
            ],
            "version": "==2022.1"
        },
        "pytz-deprecation-shim": {
            "hashes": [
                "sha256:8314c9692a636c8eb3bda879b9f119e350e93223ae83e70e80c31675a0fdc1a6",
                "sha256:af097bae1b616dde5c5744441e2ddc69e74dfdcb0c263129610d85b87445a59d"
            ],
            "markers": "python_version >= '2.7' and python_version not in '3.0, 3.1, 3.2, 3.3, 3.4, 3.5'",
            "version": "==0.1.0.post0"
        },
        "requests": {
            "hashes": [
                "sha256:7c5599b102feddaa661c826c56ab4fee28bfd17f5abca1ebbe3e7f19d7c97983",
                "sha256:8fefa2a1a1365bf5520aac41836fbee479da67864514bdb821f31ce07ce65349"
            ],
            "index": "pypi",
            "version": "==2.28.1"
        },
        "six": {
            "hashes": [
                "sha256:1e61c37477a1626458e36f7b1d82aa5c9b094fa4802892072e49de9c60c4c926",
                "sha256:8abb2f1d86890a2dfb989f9a77cfcfd3e47c2a354b01111771326f8aa26e0254"
            ],
            "markers": "python_version >= '2.7' and python_version not in '3.0, 3.1, 3.2, 3.3'",
            "version": "==1.16.0"
        },
        "soupsieve": {
            "hashes": [
                "sha256:3b2503d3c7084a42b1ebd08116e5f81aadfaea95863628c80a3b774a11b7c759",
                "sha256:fc53893b3da2c33de295667a0e19f078c14bf86544af307354de5fcf12a3f30d"
            ],
            "markers": "python_version >= '3.6'",
            "version": "==2.3.2.post1"
        },
        "tzdata": {
            "hashes": [
                "sha256:238e70234214138ed7b4e8a0fab0e5e13872edab3be586ab8198c407620e2ab9",
                "sha256:8b536a8ec63dc0751342b3984193a3118f8fca2afe25752bb9b7fffd398552d3"
            ],
            "markers": "platform_system == 'Windows'",
            "version": "==2022.1"
        },
        "tzlocal": {
            "hashes": [
                "sha256:89885494684c929d9191c57aa27502afc87a579be5cdd3225c77c463ea043745",
                "sha256:ee5842fa3a795f023514ac2d801c4a81d1743bbe642e3940143326b3a00addd7"
            ],
            "markers": "python_version >= '3.6'",
            "version": "==4.2"
        },
        "update-checker": {
            "hashes": [
                "sha256:6a2d45bb4ac585884a6b03f9eade9161cedd9e8111545141e9aa9058932acb13",
                "sha256:cbba64760a36fe2640d80d85306e8fe82b6816659190993b7bdabadee4d4bbfd"
            ],
            "version": "==0.18.0"
        },
        "urllib3": {
            "hashes": [
                "sha256:44ece4d53fb1706f667c9bd1c648f5469a2ec925fcf3a776667042d645472c14",
                "sha256:aabaf16477806a5e1dd19aa41f8c2b7950dd3c746362d7e3223dbe6de6ac448e"
            ],
            "markers": "python_version >= '2.7' and python_version not in '3.0, 3.1, 3.2, 3.3, 3.4' and python_version < '4'",
            "version": "==1.26.9"
        },
        "websocket-client": {
            "hashes": [
                "sha256:5d55652dc1d0b3c734f044337d929aaf83f4f9138816ec680c1aefefb4dc4877",
                "sha256:d58c5f284d6a9bf8379dab423259fe8f85b70d5fa5d2916d5791a84594b122b1"
            ],
            "markers": "python_version >= '3.7'",
            "version": "==1.3.3"
        },
        "wikidata": {
            "hashes": [
                "sha256:32ad4cc2c695435d411c83417b1eac210baa635abaf3ff38779666012daedd47",
                "sha256:601ce7b4133c42ca82e63b4653829c4f825eae63fe537b304a418af060c486ec"
            ],
            "index": "pypi",
            "version": "==0.7.0"
        },
        "wikipedia": {
            "hashes": [
                "sha256:db0fad1829fdd441b1852306e9856398204dc0786d2996dd2e0c8bb8e26133b2"
            ],
            "index": "pypi",
            "version": "==1.4.0"
        }
    },
    "develop": {}
}
